# This file is autogenerated, do not edit; changes may be undone by the next 'dep ensure'.


[[projects]]
  name = "github.com/inconshreveable/log15"
  packages = ["term"]
  revision = "67afb5ed74ec82fd7ac8f49d27c509ac6f991970"
  version = "v2.14"

[[projects]]
  name = "github.com/mattn/go-colorable"
  packages = ["."]
  revision = "3a70a971f94a22f2fa562ffcc7a0eb45f5daf045"
  version = "v0.1.1"

[[projects]]
  name = "github.com/mattn/go-isatty"
  packages = ["."]
  revision = "c2a7a6ca930a4cd0bc33a3f298eb71960732a3a7"
  version = "v0.0.7"

[[projects]]
  name = "github.com/revel/config"
  packages = ["."]
  revision = "a81c4105c36841d27e529f875b6062da7b8f986c"
  version = "v0.21.0"

[[projects]]
  name = "github.com/revel/log15"
  packages = ["."]
  revision = "793412a67da6f8d15fede4c38f5c66272478cb8a"
  version = "v2.11.20"

[[projects]]
  branch = "master"
  name = "github.com/revel/modules"
  packages = ["."]
  revision = "2737bfdaa8c41da68eae12bb18f7279b9f156048"

[[projects]]
  branch = "master"
  name = "github.com/revel/pathtree"
  packages = ["."]
  revision = "41257a1839e945fce74afd070e02bab2ea2c776a"

[[projects]]
  name = "github.com/revel/revel"
  packages = [".","logger","model","session","testing","utils"]
  revision = "a3d7a7c23ca885cc5036d3641ede49ce4a14ee2e"
  version = "v0.21.0"

[[projects]]
  name = "github.com/twinj/uuid"
  packages = ["."]
  revision = "835a10bbd6bce40820349a68b1368a62c3c5617c"
  version = "v1.0.0"

[[projects]]
  name = "github.com/xeonx/timeago"
  packages = ["."]
  revision = "4e7d8c1f9a433881f64a7f87f51e494186857982"
  version = "v1.0.0-rc4"

[[projects]]
  branch = "master"
  name = "golang.org/x/net"
  packages = ["websocket"]
  revision = "f4e77d36d62c17c2336347bb2670ddbd02d092b7"

[[projects]]
  branch = "master"
  name = "golang.org/x/sys"
  packages = ["unix"]
  revision = "ca7f33d4116e3a1f9425755d6a44e7ed9b4c97df"

[[projects]]
  name = "gopkg.in/fsnotify/fsnotify.v1"
  packages = ["."]
  revision = "c2828203cd70a50dcccfb2761f8b1f8ceef9a8e9"
  version = "v1.4.7"

[[projects]]
  name = "gopkg.in/natefinch/lumberjack.v2"
  packages = ["."]
  revision = "a96e63847dc3c67d17befa69c303767e2f84e54f"
  version = "v2.1"

[[projects]]
  branch = "v0"
  name = "gopkg.in/stack.v0"
  packages = ["."]
  revision = "9b43fcefddd0178abdabf4d484ab0d695d0011db"

[solve-meta]
  analyzer-name = "dep"
  analyzer-version = 1
  inputs-digest = "cc86a14631de4e13019a6d341cbed3d189ab979e3949039620104c961a4db651"
  solver-name = "gps-cdcl"
  solver-version = 1
